
Microsoft Visual Studio Solution File, Format Version 12.00
# Visual Studio Version 17
VisualStudioVersion = 17.13.35931.197 d17.13
MinimumVisualStudioVersion = 10.0.40219.1
Project("{FAE04EC0-301F-11D3-BF4B-00C04F79EFBC}") = "BilbasenGruppe4KonsolApp", "BilbasenGruppe4KonsolApp.csproj", "{56AEA890-5405-48DD-A443-55812271B7D0}"
EndProject
Global
	GlobalSection(SolutionConfigurationPlatforms) = preSolution
		Debug|Any CPU = Debug|Any CPU
		Release|Any CPU = Release|Any CPU
	EndGlobalSection
	GlobalSection(ProjectConfigurationPlatforms) = postSolution
		{56AEA890-5405-48DD-A443-55812271B7D0}.Debug|Any CPU.ActiveCfg = Debug|Any CPU
		{56AEA890-5405-48DD-A443-55812271B7D0}.Debug|Any CPU.Build.0 = Debug|Any CPU
		{56AEA890-5405-48DD-A443-55812271B7D0}.Release|Any CPU.ActiveCfg = Release|Any CPU
		{56AEA890-5405-48DD-A443-55812271B7D0}.Release|Any CPU.Build.0 = Release|Any CPU
	EndGlobalSection
	GlobalSection(SolutionProperties) = preSolution
		HideSolutionNode = FALSE
	EndGlobalSection
	GlobalSection(ExtensibilityGlobals) = postSolution
		SolutionGuid = {4CB80FC1-429F-48B6-8701-C842B6366ED2}
	EndGlobalSection
EndGlobal
